#MicroXplorer Configuration settings - do not modify
Dma.MEMTOMEM.0.Channel=DMA_CHANNEL_0
Dma.MEMTOMEM.0.Direction=DMA_MEMORY_TO_MEMORY
Dma.MEMTOMEM.0.FIFOMode=DMA_FIFOMODE_ENABLE
Dma.MEMTOMEM.0.FIFOThreshold=DMA_FIFO_THRESHOLD_FULL
Dma.MEMTOMEM.0.Instance=DMA2_Stream0
Dma.MEMTOMEM.0.MemBurst=DMA_MBURST_SINGLE
Dma.MEMTOMEM.0.MemDataAlignment=DMA_MDATAALIGN_WORD
Dma.MEMTOMEM.0.MemInc=DMA_MINC_ENABLE
Dma.MEMTOMEM.0.Mode=DMA_NORMAL
Dma.MEMTOMEM.0.PeriphBurst=DMA_PBURST_SINGLE
Dma.MEMTOMEM.0.PeriphDataAlignment=DMA_PDATAALIGN_WORD
Dma.MEMTOMEM.0.PeriphInc=DMA_PINC_ENABLE
Dma.MEMTOMEM.0.Priority=DMA_PRIORITY_LOW
Dma.MEMTOMEM.0.RequestParameters=Instance,Channel,Direction,PeriphInc,MemInc,PeriphDataAlignment,MemDataAlignment,Mode,Priority,FIFOMode,FIFOThreshold,MemBurst,PeriphBurst
Dma.Request0=MEMTOMEM
Dma.RequestsNb=1
File.Version=5
KeepUserPlacement=true
Mcu.Family=STM32F4
Mcu.IP0=DMA
Mcu.IP1=NVIC
Mcu.IP2=RCC
Mcu.IP3=USB_DEVICE
Mcu.IP4=USB_OTG_HS
Mcu.IPNb=5
Mcu.Name=STM32F429I(E-G-I)Tx
Mcu.Package=LQFP176
Mcu.Pin0=PI11
Mcu.Pin1=PF6
Mcu.Pin10=PA5
Mcu.Pin11=PB0
Mcu.Pin12=PB1
Mcu.Pin13=PB10
Mcu.Pin14=PB11
Mcu.Pin15=PB12
Mcu.Pin16=PB13
Mcu.Pin17=PG2
Mcu.Pin18=PG3
Mcu.Pin19=PG9
Mcu.Pin2=PF7
Mcu.Pin20=PG10
Mcu.Pin21=PG13
Mcu.Pin22=PB5
Mcu.Pin23=VP_USB_DEVICE_VS_USB_DEVICE_HID_HS
Mcu.Pin3=PF8
Mcu.Pin4=PF9
Mcu.Pin5=PH0/OSC_IN
Mcu.Pin6=PH1/OSC_OUT
Mcu.Pin7=PC0
Mcu.Pin8=PC3
Mcu.Pin9=PA3
Mcu.PinsNb=24
Mcu.UserConstants=
Mcu.UserName=STM32F429IGTx
MxCube.Version=4.11.0
MxDb.Version=DB.4.0.110
NVIC.OTG_HS_IRQn=true\:0\:0\:false
NVIC.PriorityGroup=NVIC_PRIORITYGROUP_4
NVIC.SysTick_IRQn=true\:0\:0\:false
PA3.Mode=Device_HS
PA3.Signal=USB_OTG_HS_ULPI_D0
PA5.Mode=Device_HS
PA5.Signal=USB_OTG_HS_ULPI_CK
PB0.Mode=Device_HS
PB0.Signal=USB_OTG_HS_ULPI_D1
PB1.Mode=Device_HS
PB1.Signal=USB_OTG_HS_ULPI_D2
PB10.Mode=Device_HS
PB10.Signal=USB_OTG_HS_ULPI_D3
PB11.Mode=Device_HS
PB11.Signal=USB_OTG_HS_ULPI_D4
PB12.Mode=Device_HS
PB12.Signal=USB_OTG_HS_ULPI_D5
PB13.Mode=Device_HS
PB13.Signal=USB_OTG_HS_ULPI_D6
PB5.Mode=Device_HS
PB5.Signal=USB_OTG_HS_ULPI_D7
PC0.Mode=Device_HS
PC0.Signal=USB_OTG_HS_ULPI_STP
PC3.Mode=Device_HS
PC3.Signal=USB_OTG_HS_ULPI_NXT
PCC.Checker=false
PCC.Line=STM32F429/439
PCC.MCU=STM32F429I(E-G-I)Tx
PCC.MXVersion=4.11.0
PCC.PartNumber=STM32F429IGTx
PCC.Seq0=0
PCC.Series=STM32F4
PCC.Temperature=25
PCC.Vdd=null
PF6.GPIOParameters=GPIO_Label
PF6.GPIO_Label=LED1
PF6.Locked=true
PF6.Signal=GPIO_Output
PF7.GPIOParameters=GPIO_Label
PF7.GPIO_Label=LED2
PF7.Locked=true
PF7.Signal=GPIO_Output
PF8.GPIOParameters=GPIO_Label
PF8.GPIO_Label=LED3
PF8.Locked=true
PF8.Signal=GPIO_Output
PF9.GPIOParameters=GPIO_Label
PF9.GPIO_Label=LED4
PF9.Locked=true
PF9.Signal=GPIO_Output
PG10.GPIOParameters=GPIO_PuPd,GPIO_Label
PG10.GPIO_Label=DOWN
PG10.GPIO_PuPd=GPIO_PULLUP
PG10.Locked=true
PG10.Signal=GPIO_Input
PG13.GPIOParameters=GPIO_PuPd,GPIO_Label
PG13.GPIO_Label=CTR
PG13.GPIO_PuPd=GPIO_PULLUP
PG13.Locked=true
PG13.Signal=GPIO_Input
PG2.GPIOParameters=GPIO_PuPd,GPIO_Label
PG2.GPIO_Label=UP
PG2.GPIO_PuPd=GPIO_PULLUP
PG2.Locked=true
PG2.Signal=GPIO_Input
PG3.GPIOParameters=GPIO_PuPd,GPIO_Label
PG3.GPIO_Label=RIGHT
PG3.GPIO_PuPd=GPIO_PULLUP
PG3.Locked=true
PG3.Signal=GPIO_Input
PG9.GPIOParameters=GPIO_PuPd,GPIO_Label
PG9.GPIO_Label=LEFT
PG9.GPIO_PuPd=GPIO_PULLUP
PG9.Locked=true
PG9.Signal=GPIO_Input
PH0/OSC_IN.Mode=HSE-External-Oscillator
PH0/OSC_IN.Signal=RCC_OSC_IN
PH1/OSC_OUT.Mode=HSE-External-Oscillator
PH1/OSC_OUT.Signal=RCC_OSC_OUT
PI11.Mode=Device_HS
PI11.Signal=USB_OTG_HS_ULPI_DIR
ProjectManager.AskForMigrate=true
ProjectManager.BackupPrevious=false
ProjectManager.CompilerOptimize=2
ProjectManager.ComputerToolchain=false
ProjectManager.CoupleFile=true
ProjectManager.DeletePrevious=true
ProjectManager.DeviceId=STM32F429IGTx
ProjectManager.FirmwarePackage=STM32Cube FW_F4 V1.9.0
ProjectManager.FreePins=false
ProjectManager.HalAssertFull=false
ProjectManager.KeepUserCode=true
ProjectManager.LastFirmware=true
ProjectManager.LibraryCopy=0
ProjectManager.ProjectBuild=false
ProjectManager.ProjectFileName=STM32F429I.ioc
ProjectManager.ProjectName=STM32F429I
ProjectManager.TargetToolchain=MDK-ARM V5
ProjectManager.ToolChainLocation=
RCC.48MHZClocksFreq_Value=48000000
RCC.AHBFreq_Value=168000000
RCC.APB1CLKDivider=RCC_HCLK_DIV4
RCC.APB1Freq_Value=42000000
RCC.APB1TimFreq_Value=84000000
RCC.APB2CLKDivider=RCC_HCLK_DIV2
RCC.APB2Freq_Value=84000000
RCC.APB2TimFreq_Value=168000000
RCC.CortexFreq_Value=168000000
RCC.EthernetFreq_Value=168000000
RCC.FCLKCortexFreq_Value=168000000
RCC.FamilyName=M
RCC.HCLKFreq_Value=168000000
RCC.HSE_VALUE=8000000
RCC.HSI_VALUE=16000000
RCC.I2SClocksFreq_Value=96000000
RCC.IPParameters=FamilyName,LSE_VALUE,LSI_VALUE,HSE_VALUE,RTCHSEDivFreq_Value,HSI_VALUE,SYSCLKFreq_VALUE,AHBFreq_Value,CortexFreq_Value,APB1Freq_Value,APB2Freq_Value,VCOInputFreq_Value,VCOSAIOutputFreq_Value,VCOSAIOutputFreq_ValueR,VCOSAIOutputFreq_ValueQ,VCOOutputFreq_Value,PLLCLKFreq_Value,PLLQCLKFreq_Value,VCOI2SOutputFreq_Value,VcooutputI2S,I2SClocksFreq_Value,VcooutputI2SQ,RTCFreq_Value,LCDTFTFreq_Value,SAI_AClocksFreq_Value,SAI_BClocksFreq_Value,48MHZClocksFreq_Value,SYSCLKSource,HCLKFreq_Value,FCLKCortexFreq_Value,APB1TimFreq_Value,APB2TimFreq_Value,EthernetFreq_Value,MCO2PinFreq_Value,APB1CLKDivider,APB2CLKDivider,PLLSAIN,PLLQ,PLLM,PLLN,PLLSAIR,PLLSourceVirtual
RCC.LCDTFTFreq_Value=32000000
RCC.LSE_VALUE=32768
RCC.LSI_VALUE=32000
RCC.MCO2PinFreq_Value=168000000
RCC.PLLCLKFreq_Value=168000000
RCC.PLLM=8
RCC.PLLN=336
RCC.PLLQ=7
RCC.PLLQCLKFreq_Value=48000000
RCC.PLLSAIN=192
RCC.PLLSAIR=3
RCC.PLLSourceVirtual=RCC_PLLSOURCE_HSE
RCC.RTCFreq_Value=32000
RCC.RTCHSEDivFreq_Value=4000000
RCC.SAI_AClocksFreq_Value=48000000
RCC.SAI_BClocksFreq_Value=48000000
RCC.SYSCLKFreq_VALUE=168000000
RCC.SYSCLKSource=RCC_SYSCLKSOURCE_PLLCLK
RCC.VCOI2SOutputFreq_Value=192000000
RCC.VCOInputFreq_Value=1000000
RCC.VCOOutputFreq_Value=336000000
RCC.VCOSAIOutputFreq_Value=192000000
RCC.VCOSAIOutputFreq_ValueQ=48000000
RCC.VCOSAIOutputFreq_ValueR=64000000
RCC.VcooutputI2S=96000000
RCC.VcooutputI2SQ=96000000
USB_DEVICE.CLASS_NAME-HID_HS=HID
USB_DEVICE.IPParameters=VirtualMode-HID_HS,VirtualModeHS,USBD_HandleTypeDef-HID_HS,CLASS_NAME-HID_HS
USB_DEVICE.USBD_HandleTypeDef-HID_HS=hUsbDeviceHS
USB_DEVICE.VirtualMode-HID_HS=Hid
USB_DEVICE.VirtualModeHS=Hid_HS
USB_OTG_HS.IPParameters=VirtualMode-Device_HS,speed-Device_HS
USB_OTG_HS.VirtualMode-Device_HS=Device_HS
USB_OTG_HS.speed-Device_HS=PCD_SPEED_FULL
VP_USB_DEVICE_VS_USB_DEVICE_HID_HS.Mode=HID_HS
VP_USB_DEVICE_VS_USB_DEVICE_HID_HS.Signal=USB_DEVICE_VS_USB_DEVICE_HID_HS
board=STM32F429I
