#MicroXplorer Configuration settings - do not modify
Dma.Request0=SPI2_TX
Dma.RequestsNb=1
Dma.SPI2_TX.0.Channel=DMA_CHANNEL_0
Dma.SPI2_TX.0.Direction=DMA_MEMORY_TO_PERIPH
Dma.SPI2_TX.0.FIFOMode=DMA_FIFOMODE_ENABLE
Dma.SPI2_TX.0.FIFOThreshold=DMA_FIFO_THRESHOLD_HALFFULL
Dma.SPI2_TX.0.Instance=DMA1_Stream4
Dma.SPI2_TX.0.MemBurst=DMA_MBURST_SINGLE
Dma.SPI2_TX.0.MemDataAlignment=DMA_MDATAALIGN_HALFWORD
Dma.SPI2_TX.0.MemInc=DMA_MINC_ENABLE
Dma.SPI2_TX.0.Mode=DMA_NORMAL
Dma.SPI2_TX.0.PeriphBurst=DMA_PBURST_SINGLE
Dma.SPI2_TX.0.PeriphDataAlignment=DMA_PDATAALIGN_HALFWORD
Dma.SPI2_TX.0.PeriphInc=DMA_PINC_DISABLE
Dma.SPI2_TX.0.Priority=DMA_PRIORITY_HIGH
Dma.SPI2_TX.0.RequestParameters=Instance,Channel,Direction,PeriphInc,MemInc,PeriphDataAlignment,MemDataAlignment,Mode,Priority,FIFOMode,FIFOThreshold,MemBurst,PeriphBurst
File.Version=5
I2C1.ClockSpeed=100000
I2C1.I2C_Mode=I2C_Standard
I2C1.IPParameters=OwnAddress,ClockSpeed,I2C_Mode
I2C1.OwnAddress=0
I2S2.AudioFreq=I2S_AUDIOFREQ_44K
I2S2.ErrorAudioFreq=0.19 %
I2S2.IPParameters=RealAudioFreq,ErrorAudioFreq,AudioFreq
I2S2.RealAudioFreq=44.084 KHz
KeepUserPlacement=true
Mcu.Family=STM32F4
Mcu.IP0=DMA
Mcu.IP1=I2C1
Mcu.IP2=I2S2
Mcu.IP3=NVIC
Mcu.IP4=RCC
Mcu.IP5=USART1
Mcu.IPNb=6
Mcu.Name=STM32F439I(G-I)Tx
Mcu.Package=LQFP176
Mcu.Pin0=PH0/OSC_IN
Mcu.Pin1=PH1/OSC_OUT
Mcu.Pin2=PB12
Mcu.Pin3=PB13
Mcu.Pin4=PB15
Mcu.Pin5=PC6
Mcu.Pin6=PA9
Mcu.Pin7=PA10
Mcu.Pin8=PB8
Mcu.Pin9=PB9
Mcu.PinsNb=10
Mcu.UserConstants=
Mcu.UserName=STM32F439IGTx
MxCube.Version=4.12.0
MxDb.Version=DB.4.0.120
NVIC.DMA1_Stream4_IRQn=true\:0\:0\:false
NVIC.PriorityGroup=NVIC_PRIORITYGROUP_4
NVIC.SPI2_IRQn=true\:0\:0\:false
NVIC.SysTick_IRQn=true\:0\:0\:false
PA10.Mode=Asynchronous
PA10.Signal=USART1_RX
PA9.Mode=Asynchronous
PA9.Signal=USART1_TX
PB12.Locked=true
PB12.Mode=Half_Duplex_Master
PB12.Signal=I2S2_WS
PB13.Locked=true
PB13.Mode=Half_Duplex_Master
PB13.Signal=I2S2_CK
PB15.Locked=true
PB15.Mode=Half_Duplex_Master
PB15.Signal=I2S2_SD
PB8.GPIOParameters=GPIO_PuPdOD
PB8.GPIO_PuPdOD=GPIO_NOPULL
PB8.Locked=true
PB8.Mode=I2C
PB8.Signal=I2C1_SCL
PB9.GPIOParameters=GPIO_PuPdOD
PB9.GPIO_PuPdOD=GPIO_NOPULL
PB9.Locked=true
PB9.Mode=I2C
PB9.Signal=I2C1_SDA
PC6.Locked=true
PC6.Mode=Master_Clock_Activated
PC6.Signal=I2S2_MCK
PCC.Checker=false
PCC.Line=STM32F429/439
PCC.MCU=STM32F439I(G-I)Tx
PCC.MXVersion=4.12.0
PCC.PartNumber=STM32F439IGTx
PCC.Seq0=0
PCC.Series=STM32F4
PCC.Temperature=25
PCC.Vdd=null
PH0/OSC_IN.Mode=HSE-External-Oscillator
PH0/OSC_IN.Signal=RCC_OSC_IN
PH1/OSC_OUT.Mode=HSE-External-Oscillator
PH1/OSC_OUT.Signal=RCC_OSC_OUT
ProjectManager.AskForMigrate=true
ProjectManager.BackupPrevious=false
ProjectManager.CompilerOptimize=2
ProjectManager.ComputerToolchain=false
ProjectManager.CoupleFile=true
ProjectManager.DeletePrevious=true
ProjectManager.DeviceId=STM32F439IGTx
ProjectManager.FirmwarePackage=STM32Cube FW_F4 V1.10.0
ProjectManager.FreePins=false
ProjectManager.HalAssertFull=false
ProjectManager.KeepUserCode=true
ProjectManager.LastFirmware=true
ProjectManager.LibraryCopy=0
ProjectManager.ProjectBuild=false
ProjectManager.ProjectFileName=STM32F429I.ioc
ProjectManager.ProjectName=STM32F429I
ProjectManager.TargetToolchain=MDK-ARM V5
ProjectManager.ToolChainLocation=
RCC.48MHZClocksFreq_Value=90000000
RCC.AHBFreq_Value=180000000
RCC.APB1CLKDivider=RCC_HCLK_DIV4
RCC.APB1Freq_Value=45000000
RCC.APB1TimFreq_Value=90000000
RCC.APB2CLKDivider=RCC_HCLK_DIV2
RCC.APB2Freq_Value=90000000
RCC.APB2TimFreq_Value=180000000
RCC.CortexFreq_Value=180000000
RCC.EthernetFreq_Value=180000000
RCC.FCLKCortexFreq_Value=180000000
RCC.FamilyName=M
RCC.HCLKFreq_Value=180000000
RCC.HSE_VALUE=8000000
RCC.HSI_VALUE=16000000
RCC.I2SClocksFreq_Value=45142857.14285714
RCC.IPParameters=FamilyName,HSE_VALUE,RTCHSEDivFreq_Value,HSI_VALUE,VCOInputFreq_Value,VCOSAIOutputFreq_Value,VCOSAIOutputFreq_ValueR,VCOSAIOutputFreq_ValueQ,VCOOutputFreq_Value,PLLCLKFreq_Value,PLLQCLKFreq_Value,VCOI2SOutputFreq_Value,VcooutputI2S,VcooutputI2SQ,LSE_VALUE,I2SClocksFreq_Value,SYSCLKFreq_VALUE,AHBFreq_Value,CortexFreq_Value,APB1Freq_Value,APB2Freq_Value,LSI_VALUE,RTCFreq_Value,LCDTFTFreq_Value,SAI_BClocksFreq_Value,SAI_AClocksFreq_Value,48MHZClocksFreq_Value,SYSCLKSource,HCLKFreq_Value,FCLKCortexFreq_Value,APB1TimFreq_Value,APB2TimFreq_Value,EthernetFreq_Value,MCO2PinFreq_Value,APB1CLKDivider,APB2CLKDivider,PLLSourceVirtual,PLLM,PLLN,PLLI2SN,PLLI2SR
RCC.LCDTFTFreq_Value=12250000
RCC.LSE_VALUE=32768
RCC.LSI_VALUE=32000
RCC.MCO2PinFreq_Value=180000000
RCC.PLLCLKFreq_Value=180000000
RCC.PLLI2SN=316
RCC.PLLI2SR=7
RCC.PLLM=8
RCC.PLLN=360
RCC.PLLQCLKFreq_Value=90000000
RCC.PLLSourceVirtual=RCC_PLLSOURCE_HSE
RCC.RTCFreq_Value=32000
RCC.RTCHSEDivFreq_Value=4000000
RCC.SAI_AClocksFreq_Value=12250000
RCC.SAI_BClocksFreq_Value=12250000
RCC.SYSCLKFreq_VALUE=180000000
RCC.SYSCLKSource=RCC_SYSCLKSOURCE_PLLCLK
RCC.VCOI2SOutputFreq_Value=316000000
RCC.VCOInputFreq_Value=1000000
RCC.VCOOutputFreq_Value=360000000
RCC.VCOSAIOutputFreq_Value=49000000
RCC.VCOSAIOutputFreq_ValueQ=12250000
RCC.VCOSAIOutputFreq_ValueR=24500000
RCC.VcooutputI2S=45142857.14285714
RCC.VcooutputI2SQ=158000000
board=STM32F429I
