#MicroXplorer Configuration settings - do not modify
File.Version=5
KeepUserPlacement=true
LTDC.ActiveH=272
LTDC.ActiveW=480
LTDC.Alpha_L0=0x7F
LTDC.Alpha_L1=0x7F
LTDC.BlendingFactor1_L0=LTDC_BLENDING_FACTOR1_CA
LTDC.BlendingFactor1_L1=LTDC_BLENDING_FACTOR1_PAxCA
LTDC.BlendingFactor2_L0=LTDC_BLENDING_FACTOR2_CA
LTDC.BlendingFactor2_L1=LTDC_BLENDING_FACTOR2_PAxCA
LTDC.FBStartAdress_L0=0xD0000000
LTDC.FBStartAdress_L1=0xD0060000
LTDC.HBP=2
LTDC.HFP=2
LTDC.HSync=10
LTDC.IPParameters=HSync,HBP,ActiveW,VSync,VBP,HFP,VFP,PixelFormat_L0,PixelFormat_L1,Alpha_L0,WindowX0_L0,WindowX1_L0,WindowY0_L0,WindowY1_L0,WindowX0_L1,WindowX1_L1,WindowY0_L1,WindowY1_L1,BlendingFactor1_L0,BlendingFactor2_L0,BlendingFactor1_L1,BlendingFactor2_L1,FBStartAdress_L0,ImageHeight_L0,ImageWidth_L0,FBStartAdress_L1,ImageWidth_L1,ImageHeight_L1,ActiveH,Alpha_L1
LTDC.ImageHeight_L0=160
LTDC.ImageHeight_L1=160
LTDC.ImageWidth_L0=240
LTDC.ImageWidth_L1=240
LTDC.PixelFormat_L0=LTDC_PIXEL_FORMAT_RGB565
LTDC.PixelFormat_L1=LTDC_PIXEL_FORMAT_RGB565
LTDC.VBP=10
LTDC.VFP=2
LTDC.VSync=2
LTDC.WindowX0_L0=0
LTDC.WindowX0_L1=240
LTDC.WindowX1_L0=240
LTDC.WindowX1_L1=480
LTDC.WindowY0_L0=60
LTDC.WindowY0_L1=60
LTDC.WindowY1_L0=220
LTDC.WindowY1_L1=220
Mcu.Family=STM32F4
Mcu.IP0=LTDC
Mcu.IP1=NVIC
Mcu.IP2=RCC
Mcu.IP3=USART1
Mcu.IPNb=4
Mcu.Name=STM32F429I(E-G-I)Tx
Mcu.Package=LQFP176
Mcu.Pin0=PE4
Mcu.Pin1=PE5
Mcu.Pin10=PH8
Mcu.Pin11=PH9
Mcu.Pin12=PH10
Mcu.Pin13=PH11
Mcu.Pin14=PH12
Mcu.Pin15=PG6
Mcu.Pin16=PG7
Mcu.Pin17=PA9
Mcu.Pin18=PA10
Mcu.Pin19=PH13
Mcu.Pin2=PE6
Mcu.Pin20=PH14
Mcu.Pin21=PH15
Mcu.Pin22=PI0
Mcu.Pin23=PI1
Mcu.Pin24=PI2
Mcu.Pin25=PD4
Mcu.Pin26=PD6
Mcu.Pin27=PG11
Mcu.Pin28=PG12
Mcu.Pin29=PB8
Mcu.Pin3=PI9
Mcu.Pin30=PB9
Mcu.Pin31=PI4
Mcu.Pin32=PI5
Mcu.Pin4=PI10
Mcu.Pin5=PF10
Mcu.Pin6=PH0/OSC_IN
Mcu.Pin7=PH1/OSC_OUT
Mcu.Pin8=PH2
Mcu.Pin9=PH3
Mcu.PinsNb=33
Mcu.UserConstants=
Mcu.UserName=STM32F429IGTx
MxCube.Version=4.11.0
MxDb.Version=DB.4.0.110
NVIC.PriorityGroup=NVIC_PRIORITYGROUP_4
NVIC.SysTick_IRQn=true\:0\:0\:false
PA10.Mode=Asynchronous
PA10.Signal=USART1_RX
PA9.Mode=Asynchronous
PA9.Signal=USART1_TX
PB8.GPIOParameters=GPIO_Speed
PB8.GPIO_Speed=GPIO_SPEED_FAST
PB8.Mode=RGB888
PB8.Signal=LTDC_B6
PB9.GPIOParameters=GPIO_Speed
PB9.GPIO_Speed=GPIO_SPEED_FAST
PB9.Mode=RGB888
PB9.Signal=LTDC_B7
PCC.Checker=false
PCC.Line=STM32F429/439
PCC.MCU=STM32F429I(E-G-I)Tx
PCC.MXVersion=4.11.0
PCC.PartNumber=STM32F429IGTx
PCC.Seq0=0
PCC.Series=STM32F4
PCC.Temperature=25
PCC.Vdd=null
PD4.Locked=true
PD4.Signal=GPIO_Output
PD6.GPIOParameters=GPIO_Speed
PD6.GPIO_Speed=GPIO_SPEED_FAST
PD6.Mode=RGB888
PD6.Signal=LTDC_B2
PE4.GPIOParameters=GPIO_Speed
PE4.GPIO_Speed=GPIO_SPEED_FAST
PE4.Locked=true
PE4.Mode=RGB888
PE4.Signal=LTDC_B0
PE5.GPIOParameters=GPIO_Speed
PE5.GPIO_Speed=GPIO_SPEED_FAST
PE5.Locked=true
PE5.Mode=RGB888
PE5.Signal=LTDC_G0
PE6.GPIOParameters=GPIO_Speed
PE6.GPIO_Speed=GPIO_SPEED_FAST
PE6.Locked=true
PE6.Mode=RGB888
PE6.Signal=LTDC_G1
PF10.GPIOParameters=GPIO_Speed
PF10.GPIO_Speed=GPIO_SPEED_FAST
PF10.Locked=true
PF10.Mode=RGB888
PF10.Signal=LTDC_DE
PG11.GPIOParameters=GPIO_Speed
PG11.GPIO_Speed=GPIO_SPEED_FAST
PG11.Mode=RGB888
PG11.Signal=LTDC_B3
PG12.GPIOParameters=GPIO_Speed
PG12.GPIO_Speed=GPIO_SPEED_FAST
PG12.Mode=RGB888
PG12.Signal=LTDC_B1
PG6.GPIOParameters=GPIO_Speed
PG6.GPIO_Speed=GPIO_SPEED_FAST
PG6.Locked=true
PG6.Mode=RGB888
PG6.Signal=LTDC_R7
PG7.GPIOParameters=GPIO_Speed
PG7.GPIO_Speed=GPIO_SPEED_FAST
PG7.Locked=true
PG7.Mode=RGB888
PG7.Signal=LTDC_CLK
PH0/OSC_IN.Mode=HSE-External-Oscillator
PH0/OSC_IN.Signal=RCC_OSC_IN
PH1/OSC_OUT.Mode=HSE-External-Oscillator
PH1/OSC_OUT.Signal=RCC_OSC_OUT
PH10.GPIOParameters=GPIO_Speed
PH10.GPIO_Speed=GPIO_SPEED_FAST
PH10.Locked=true
PH10.Mode=RGB888
PH10.Signal=LTDC_R4
PH11.GPIOParameters=GPIO_Speed
PH11.GPIO_Speed=GPIO_SPEED_FAST
PH11.Locked=true
PH11.Mode=RGB888
PH11.Signal=LTDC_R5
PH12.GPIOParameters=GPIO_Speed
PH12.GPIO_Speed=GPIO_SPEED_FAST
PH12.Locked=true
PH12.Mode=RGB888
PH12.Signal=LTDC_R6
PH13.GPIOParameters=GPIO_Speed
PH13.GPIO_Speed=GPIO_SPEED_FAST
PH13.Locked=true
PH13.Mode=RGB888
PH13.Signal=LTDC_G2
PH14.GPIOParameters=GPIO_Speed
PH14.GPIO_Speed=GPIO_SPEED_FAST
PH14.Mode=RGB888
PH14.Signal=LTDC_G3
PH15.GPIOParameters=GPIO_Speed
PH15.GPIO_Speed=GPIO_SPEED_FAST
PH15.Locked=true
PH15.Mode=RGB888
PH15.Signal=LTDC_G4
PH2.GPIOParameters=GPIO_Speed
PH2.GPIO_Speed=GPIO_SPEED_FAST
PH2.Locked=true
PH2.Mode=RGB888
PH2.Signal=LTDC_R0
PH3.GPIOParameters=GPIO_Speed
PH3.GPIO_Speed=GPIO_SPEED_FAST
PH3.Locked=true
PH3.Mode=RGB888
PH3.Signal=LTDC_R1
PH8.GPIOParameters=GPIO_Speed
PH8.GPIO_Speed=GPIO_SPEED_FAST
PH8.Mode=RGB888
PH8.Signal=LTDC_R2
PH9.GPIOParameters=GPIO_Speed
PH9.GPIO_Speed=GPIO_SPEED_FAST
PH9.Locked=true
PH9.Mode=RGB888
PH9.Signal=LTDC_R3
PI0.GPIOParameters=GPIO_Speed
PI0.GPIO_Speed=GPIO_SPEED_FAST
PI0.Locked=true
PI0.Mode=RGB888
PI0.Signal=LTDC_G5
PI1.GPIOParameters=GPIO_Speed
PI1.GPIO_Speed=GPIO_SPEED_FAST
PI1.Locked=true
PI1.Mode=RGB888
PI1.Signal=LTDC_G6
PI10.GPIOParameters=GPIO_Speed
PI10.GPIO_Speed=GPIO_SPEED_FAST
PI10.Locked=true
PI10.Mode=RGB888
PI10.Signal=LTDC_HSYNC
PI2.GPIOParameters=GPIO_Speed
PI2.GPIO_Speed=GPIO_SPEED_FAST
PI2.Mode=RGB888
PI2.Signal=LTDC_G7
PI4.GPIOParameters=GPIO_Speed
PI4.GPIO_Speed=GPIO_SPEED_FAST
PI4.Mode=RGB888
PI4.Signal=LTDC_B4
PI5.GPIOParameters=GPIO_Speed
PI5.GPIO_Speed=GPIO_SPEED_FAST
PI5.Locked=true
PI5.Mode=RGB888
PI5.Signal=LTDC_B5
PI9.GPIOParameters=GPIO_Speed
PI9.GPIO_Speed=GPIO_SPEED_FAST
PI9.Locked=true
PI9.Mode=RGB888
PI9.Signal=LTDC_VSYNC
ProjectManager.AskForMigrate=true
ProjectManager.BackupPrevious=false
ProjectManager.CompilerOptimize=2
ProjectManager.ComputerToolchain=false
ProjectManager.CoupleFile=true
ProjectManager.DeletePrevious=true
ProjectManager.DeviceId=STM32F429IGTx
ProjectManager.FirmwarePackage=STM32Cube FW_F4 V1.9.0
ProjectManager.FreePins=false
ProjectManager.HalAssertFull=false
ProjectManager.KeepUserCode=true
ProjectManager.LastFirmware=true
ProjectManager.LibraryCopy=0
ProjectManager.ProjectBuild=false
ProjectManager.ProjectFileName=STM32F429I.ioc
ProjectManager.ProjectName=STM32F429I
ProjectManager.TargetToolchain=MDK-ARM V5
ProjectManager.ToolChainLocation=
RCC.48MHZClocksFreq_Value=90000000
RCC.AHBFreq_Value=180000000
RCC.APB1CLKDivider=RCC_HCLK_DIV4
RCC.APB1Freq_Value=45000000
RCC.APB1TimFreq_Value=90000000
RCC.APB2CLKDivider=RCC_HCLK_DIV2
RCC.APB2Freq_Value=90000000
RCC.APB2TimFreq_Value=180000000
RCC.CortexFreq_Value=180000000
RCC.EthernetFreq_Value=180000000
RCC.FCLKCortexFreq_Value=180000000
RCC.FamilyName=M
RCC.HCLKFreq_Value=180000000
RCC.HSE_VALUE=8000000
RCC.HSI_VALUE=16000000
RCC.I2SClocksFreq_Value=96000000
RCC.IPParameters=FamilyName,LSE_VALUE,LSI_VALUE,HSE_VALUE,RTCHSEDivFreq_Value,HSI_VALUE,SYSCLKFreq_VALUE,AHBFreq_Value,CortexFreq_Value,APB1Freq_Value,APB2Freq_Value,VCOInputFreq_Value,VCOSAIOutputFreq_Value,VCOSAIOutputFreq_ValueR,VCOSAIOutputFreq_ValueQ,VCOOutputFreq_Value,PLLCLKFreq_Value,PLLQCLKFreq_Value,VCOI2SOutputFreq_Value,VcooutputI2S,I2SClocksFreq_Value,VcooutputI2SQ,RTCFreq_Value,LCDTFTFreq_Value,SAI_AClocksFreq_Value,SAI_BClocksFreq_Value,48MHZClocksFreq_Value,SYSCLKSource,HCLKFreq_Value,FCLKCortexFreq_Value,APB1TimFreq_Value,APB2TimFreq_Value,EthernetFreq_Value,MCO2PinFreq_Value,APB1CLKDivider,APB2CLKDivider,PLLSourceVirtual,PLLSAIN,PLLM,PLLN,PLLSAIDivR
RCC.LCDTFTFreq_Value=12000000
RCC.LSE_VALUE=32768
RCC.LSI_VALUE=32000
RCC.MCO2PinFreq_Value=180000000
RCC.PLLCLKFreq_Value=180000000
RCC.PLLM=8
RCC.PLLN=360
RCC.PLLQCLKFreq_Value=90000000
RCC.PLLSAIDivR=RCC_PLLSAIDIVR_8
RCC.PLLSAIN=192
RCC.PLLSourceVirtual=RCC_PLLSOURCE_HSE
RCC.RTCFreq_Value=32000
RCC.RTCHSEDivFreq_Value=4000000
RCC.SAI_AClocksFreq_Value=48000000
RCC.SAI_BClocksFreq_Value=48000000
RCC.SYSCLKFreq_VALUE=180000000
RCC.SYSCLKSource=RCC_SYSCLKSOURCE_PLLCLK
RCC.VCOI2SOutputFreq_Value=192000000
RCC.VCOInputFreq_Value=1000000
RCC.VCOOutputFreq_Value=360000000
RCC.VCOSAIOutputFreq_Value=192000000
RCC.VCOSAIOutputFreq_ValueQ=48000000
RCC.VCOSAIOutputFreq_ValueR=96000000
RCC.VcooutputI2S=96000000
RCC.VcooutputI2SQ=96000000
board=STM32F429I
